prepare:
  cmd: python src/prepare.py
  deps:
  - path: data/raw
    md5: a8a5252d9b14ab2c1be283822a86981a.dir
  - path: src/prepare.py
    md5: ef804f358e00edcfe52c865b471f8f55
  outs:
  - path: data/prepared/test.csv
    md5: fdef756cae65de94f8ad697f302f9113
  - path: data/prepared/train.csv
    md5: fce037aa727a16ca46a1255cb256d1cb
train:
  cmd: python src/train.py
  deps:
  - path: data/prepared/train.csv
    md5: fce037aa727a16ca46a1255cb256d1cb
  - path: src/train.py
    md5: fba02db450a577e4eef0ce583a5dca3e
  outs:
  - path: model/model.joblib
    md5: 70531ad9c1d287138687c32e39be517f
evaluate:
  cmd: python src/evaluate.py
  deps:
  - path: model/model.joblib
    md5: 70531ad9c1d287138687c32e39be517f
  - path: src/evaluate.py
    md5: b197277667d6269271fff4ae4af8a941
  outs:
  - path: metrics/accuracy.json
    md5: 218d8a66da57c69908d99a0ca8a1b299
